
Microsoft Visual Studio Solution File, Format Version 12.00
# Visual Studio Version 16
VisualStudioVersion = 16.0.28531.58
MinimumVisualStudioVersion = 10.0.40219.1
Project("{FAE04EC0-301F-11D3-BF4B-00C04F79EFBC}") = "IECSC.Stacking", "IECSC.Stacking\IECSC.Stacking.csproj", "{DF436E1C-E65A-4D0A-A1E8-6E7B1F7572E8}"
EndProject
Global
	GlobalSection(SolutionConfigurationPlatforms) = preSolution
		Debug|Any CPU = Debug|Any CPU
		Release|Any CPU = Release|Any CPU
	EndGlobalSection
	GlobalSection(ProjectConfigurationPlatforms) = postSolution
		{DF436E1C-E65A-4D0A-A1E8-6E7B1F7572E8}.Debug|Any CPU.ActiveCfg = Debug|Any CPU
		{DF436E1C-E65A-4D0A-A1E8-6E7B1F7572E8}.Debug|Any CPU.Build.0 = Debug|Any CPU
		{DF436E1C-E65A-4D0A-A1E8-6E7B1F7572E8}.Release|Any CPU.ActiveCfg = Release|Any CPU
		{DF436E1C-E65A-4D0A-A1E8-6E7B1F7572E8}.Release|Any CPU.Build.0 = Release|Any CPU
	EndGlobalSection
	GlobalSection(SolutionProperties) = preSolution
		HideSolutionNode = FALSE
	EndGlobalSection
	GlobalSection(ExtensibilityGlobals) = postSolution
		SolutionGuid = {82C12D47-0365-4647-966D-F3AF39C344A6}
	EndGlobalSection
EndGlobal
